# Generated by pub
# See https://dart.dev/tools/pub/glossary#lockfile
packages:
  app_links:
    dependency: transitive
    description:
      name: app_links
      sha256: "5f88447519add627fe1cbcab4fd1da3d4fed15b9baf29f28b22535c95ecee3e8"
      url: "https://pub.dev"
    source: hosted
    version: "6.4.1"
  app_links_linux:
    dependency: transitive
    description:
      name: app_links_linux
      sha256: f5f7173a78609f3dfd4c2ff2c95bd559ab43c80a87dc6a095921d96c05688c81
      url: "https://pub.dev"
    source: hosted
    version: "1.0.3"
  app_links_platform_interface:
    dependency: transitive
    description:
      name: app_links_platform_interface
      sha256: "7546f09a6e93f4a2df2fe2bd40a5c6c64310ac461b036d82b43033be7a59f809"
      url: "https://pub.dev"
    source: hosted
    version: "2.0.4"
  app_links_web:
    dependency: transitive
    description:
      name: app_links_web
      sha256: af060ed76183f9e2b87510a9480e56a5352b6c249778d07bd2c95fc35632a555
      url: "https://pub.dev"
    source: hosted
    version: "1.0.4"
  args:
    dependency: transitive
    description:
      name: args
      sha256: d0481093c50b1da8910eb0bb301626d4d8eb7284aa739614d2b394ee09e3ea04
      url: "https://pub.dev"
    source: hosted
    version: "2.7.0"
  async:
    dependency: transitive
    description:
      name: async
      sha256: e2eb0491ba5ddb6177742d2da23904574082139b07c1e33b8503b9f46f3e1a37
      url: "https://pub.dev"
    source: hosted
    version: "2.13.1"
  characters:
    dependency: transitive
    description:
      name: characters
      sha256: faf38497bda5ead2a8c7615f4f7939df04333478bf32e4173fcb06d428b5716b
      url: "https://pub.dev"
    source: hosted
    version: "1.4.1"
  clock:
    dependency: transitive
    description:
      name: clock
      sha256: e51d50bca3217c9a9fa2b41a30e4a38971133f5f9ec7a3d57bae095007f1d28e
      url: "https://pub.dev"
    source: hosted
    version: "1.1.3"
  code_assets:
    dependency: transitive
    description:
      name: code_assets
      sha256: bf394f466ba9205f1812a0433b392d6af280f155f56651eda7c18cc32ed493b8
      url: "https://pub.dev"
    source: hosted
    version: "1.2.1"
  collection:
    dependency: transitive
    description:
      name: collection
      sha256: "2f5709ae4d3d59dd8f7cd309b4e023046b57d8a6c82130785d2b0e5868084e76"
      url: "https://pub.dev"
    source: hosted
    version: "1.19.1"
  crypto:
    dependency: transitive
    description:
      name: crypto
      sha256: c8ea0233063ba03258fbcf2ca4d6dadfefe14f02fab57702265467a19f27fadf
      url: "https://pub.dev"
    source: hosted
    version: "3.0.7"
  dart_mcp:
    dependency: transitive
    description:
      name: dart_mcp
      sha256: "852b51da915d679be8d051e2e3b6c68ed19fe685f1c676bb35272a2d73ceac7a"
      url: "https://pub.dev"
    source: hosted
    version: "0.5.2"
  decimal:
    dependency: transitive
    description:
      name: decimal
      sha256: "2c3c8b74f2948066d3f42585477aec9cfc48fefd7a723a4d4274a6c71a5c0df7"
      url: "https://pub.dev"
    source: hosted
    version: "3.2.6"
  email_validator:
    dependency: transitive
    description:
      name: email_validator
      sha256: b19aa5d92fdd76fbc65112060c94d45ba855105a28bb6e462de7ff03b12fa1fb
      url: "https://pub.dev"
    source: hosted
    version: "3.0.0"
  equatable:
    dependency: transitive
    description:
      name: equatable
      sha256: "3bce007a596ff8b3119c45d68aaef631272537c03d30e5d4534dd24bf4c5eaa2"
      url: "https://pub.dev"
    source: hosted
    version: "2.1.0"
  ffi:
    dependency: transitive
    description:
      name: ffi
      sha256: "6d7fd89431262d8f3125e81b50d3847a091d846eafcd4fdb88dd06f36d705a45"
      url: "https://pub.dev"
    source: hosted
    version: "2.2.0"
  flutter:
    dependency: "direct main"
    description: flutter
    source: sdk
    version: "0.0.0"
  flutter_lints:
    dependency: "direct dev"
    description:
      name: flutter_lints
      sha256: "3105dc8492f6183fb076ccf1f351ac3d60564bff92e20bfc4af9cc1651f4e7e1"
      url: "https://pub.dev"
    source: hosted
    version: "6.0.0"
  flutter_mcp_toolkit_core:
    dependency: "direct overridden"
    description:
      path: "../../packages/core"
      relative: true
    source: path
    version: "5.1.0"
  flutter_web_plugins:
    dependency: transitive
    description: flutter
    source: sdk
    version: "0.0.0"
  from_json_to_json:
    dependency: transitive
    description:
      name: from_json_to_json
      sha256: a29219df65cd20b1b17be8141ee51b3103d1cd95b192b7512139f3ae44775f49
      url: "https://pub.dev"
    source: hosted
    version: "0.5.0"
  gtk:
    dependency: transitive
    description:
      name: gtk
      sha256: "4ff85b2a16724029dd9e5bbb5a94b6918f9973f74ba571c949d2002801879cf5"
      url: "https://pub.dev"
    source: hosted
    version: "2.2.0"
  hooks:
    dependency: transitive
    description:
      name: hooks
      sha256: "9a62a50b50b769a737bc0a8ff381f333529df3ab746b2f6b02e83760231455ba"
      url: "https://pub.dev"
    source: hosted
    version: "2.0.2"
  http:
    dependency: transitive
    description:
      name: http
      sha256: "87721a4a50b19c7f1d49001e51409bddc46303966ce89a65af4f4e6004896412"
      url: "https://pub.dev"
    source: hosted
    version: "1.6.0"
  http_parser:
    dependency: transitive
    description:
      name: http_parser
      sha256: "178d74305e7866013777bab2c3d8726205dc5a4dd935297175b19a23a2e66571"
      url: "https://pub.dev"
    source: hosted
    version: "4.1.2"
  intentcall_bridge:
    dependency: "direct overridden"
    description:
      path: "../../../intentcall/packages/intentcall_bridge"
      relative: true
    source: path
    version: "0.6.0"
  intentcall_core:
    dependency: "direct overridden"
    description:
      path: "../../../intentcall/packages/intentcall_core"
      relative: true
    source: path
    version: "0.6.0"
  intentcall_hooks:
    dependency: "direct overridden"
    description:
      path: "../../../intentcall/packages/intentcall_hooks"
      relative: true
    source: path
    version: "0.6.0"
  intentcall_platform:
    dependency: "direct overridden"
    description:
      path: "../../../intentcall/packages/intentcall_platform"
      relative: true
    source: path
    version: "0.6.0"
  intentcall_platform_android:
    dependency: "direct overridden"
    description:
      path: "../../../intentcall/packages/intentcall_platform_android"
      relative: true
    source: path
    version: "0.6.0"
  intentcall_platform_apple:
    dependency: "direct overridden"
    description:
      path: "../../../intentcall/packages/intentcall_platform_apple"
      relative: true
    source: path
    version: "0.6.0"
  intentcall_platform_sync:
    dependency: "direct overridden"
    description:
      path: "../../../intentcall/packages/intentcall_platform_sync"
      relative: true
    source: path
    version: "0.6.0"
  intentcall_schema:
    dependency: "direct overridden"
    description:
      path: "../../../intentcall/packages/intentcall_schema"
      relative: true
    source: path
    version: "0.6.0"
  intentcall_session:
    dependency: "direct overridden"
    description:
      path: "../../../intentcall/packages/intentcall_session"
      relative: true
    source: path
    version: "0.6.0"
  intentcall_webmcp:
    dependency: "direct overridden"
    description:
      path: "../../../intentcall/packages/intentcall_webmcp"
      relative: true
    source: path
    version: "0.6.0"
  intl:
    dependency: transitive
    description:
      name: intl
      sha256: "1ca20c894b1717686a2319b8548763d812bc0aabdac580420a44c5178c57a867"
      url: "https://pub.dev"
    source: hosted
    version: "0.20.3"
  is_dart_empty_or_not:
    dependency: transitive
    description:
      name: is_dart_empty_or_not
      sha256: "1454632c2b961175d4c2807310713cbcbd054a51e63c545dc86c3eb9b2b061b0"
      url: "https://pub.dev"
    source: hosted
    version: "0.4.0"
  json_rpc_2:
    dependency: transitive
    description:
      name: json_rpc_2
      sha256: "82dfd37d3b2e5030ae4729e1d7f5538cbc45eb1c73d618b9272931facac3bec1"
      url: "https://pub.dev"
    source: hosted
    version: "4.1.0"
  json_schema_builder:
    dependency: transitive
    description:
      name: json_schema_builder
      sha256: "657db3229ba10305c48e8686e8b3aca16e12e639c3a7b96687a6eeb7836b6e1b"
      url: "https://pub.dev"
    source: hosted
    version: "0.1.7"
  lints:
    dependency: transitive
    description:
      name: lints
      sha256: "12f842a479589fea194fe5c5a3095abc7be0c1f2ddfa9a0e76aed1dbd26a87df"
      url: "https://pub.dev"
    source: hosted
    version: "6.1.0"
  logging:
    dependency: transitive
    description:
      name: logging
      sha256: c8245ada5f1717ed44271ed1c26b8ce85ca3228fd2ffdb75468ab01979309d61
      url: "https://pub.dev"
    source: hosted
    version: "1.3.0"
  material_color_utilities:
    dependency: transitive
    description:
      name: material_color_utilities
      sha256: "9c337007e82b1889149c82ed242ed1cb24a66044e30979c44912381e9be4c48b"
      url: "https://pub.dev"
    source: hosted
    version: "0.13.0"
  mcp_toolkit:
    dependency: "direct main"
    description:
      path: "../../mcp_toolkit"
      relative: true
    source: path
    version: "5.1.0"
  meta:
    dependency: transitive
    description:
      name: meta
      sha256: c82594181e3312f3d0695fc95aaaf7758d75b8d4ae2bbecf223b9fd5109a059d
      url: "https://pub.dev"
    source: hosted
    version: "1.18.3"
  path:
    dependency: transitive
    description:
      name: path
      sha256: "75cca69d1490965be98c73ceaea117e8a04dd21217b37b292c9ddbec0d955bc5"
      url: "https://pub.dev"
    source: hosted
    version: "1.9.1"
  plugin_platform_interface:
    dependency: transitive
    description:
      name: plugin_platform_interface
      sha256: "4820fbfdb9478b1ebae27888254d445073732dae3d6ea81f0b7e06d5dedc3f02"
      url: "https://pub.dev"
    source: hosted
    version: "2.1.8"
  pub_semver:
    dependency: transitive
    description:
      name: pub_semver
      sha256: "261236774e8b1d69cfc6b9eabbc96c40f25e7a2d6b171f3385d4f65d5734fb24"
      url: "https://pub.dev"
    source: hosted
    version: "2.2.1"
  rational:
    dependency: transitive
    description:
      name: rational
      sha256: cb808fb6f1a839e6fc5f7d8cb3b0a10e1db48b3be102de73938c627f0b636336
      url: "https://pub.dev"
    source: hosted
    version: "2.2.3"
  record_use:
    dependency: transitive
    description:
      name: record_use
      sha256: "2551bd8eecfe95d14ae75f6021ad0248be5c27f138c2ec12fcb52b500b3ba1ed"
      url: "https://pub.dev"
    source: hosted
    version: "0.6.0"
  schemantic:
    dependency: transitive
    description:
      name: schemantic
      sha256: "1252e78063c2d124831337bf8e9d146cbd6d9cf575f5346a9c85c5911c430239"
      url: "https://pub.dev"
    source: hosted
    version: "0.2.3"
  sky_engine:
    dependency: transitive
    description: flutter
    source: sdk
    version: "0.0.0"
  source_span:
    dependency: transitive
    description:
      name: source_span
      sha256: "56a02f1f4cd1a2d96303c0144c93bd6d909eea6bee6bf5a0e0b685edbd4c47ab"
      url: "https://pub.dev"
    source: hosted
    version: "1.10.2"
  stack_trace:
    dependency: transitive
    description:
      name: stack_trace
      sha256: "277654b3034d17ac6f9f1cb5595db011b1d5d41e8806866db28e0abaa101c490"
      url: "https://pub.dev"
    source: hosted
    version: "1.12.2"
  stream_channel:
    dependency: transitive
    description:
      name: stream_channel
      sha256: "969e04c80b8bcdf826f8f16579c7b14d780458bd97f56d107d3950fdbeef059d"
      url: "https://pub.dev"
    source: hosted
    version: "2.1.4"
  stream_transform:
    dependency: transitive
    description:
      name: stream_transform
      sha256: a00e5f18bffc764f923e7dec1038527f7fe7a1791361a7117f0358193f13d53a
      url: "https://pub.dev"
    source: hosted
    version: "2.1.2"
  string_scanner:
    dependency: transitive
    description:
      name: string_scanner
      sha256: "921cd31725b72fe181906c6a94d987c78e3b98c2e205b397ea399d4054872b43"
      url: "https://pub.dev"
    source: hosted
    version: "1.4.1"
  term_glyph:
    dependency: transitive
    description:
      name: term_glyph
      sha256: "7f554798625ea768a7518313e58f83891c7f5024f88e46e7182a4558850a4b8e"
      url: "https://pub.dev"
    source: hosted
    version: "1.2.2"
  typed_data:
    dependency: transitive
    description:
      name: typed_data
      sha256: f9049c039ebfeb4cf7a7104a675823cd72dba8297f264b6637062516699fa006
      url: "https://pub.dev"
    source: hosted
    version: "1.4.0"
  universal_io:
    dependency: transitive
    description:
      name: universal_io
      sha256: f63cbc48103236abf48e345e07a03ce5757ea86285ed313a6a032596ed9301e2
      url: "https://pub.dev"
    source: hosted
    version: "2.3.1"
  vector_math:
    dependency: transitive
    description:
      name: vector_math
      sha256: "1d774bbdf6b72a0b12122fc1560c9c2d2a67db5a4a4cc2bd8a5c990ab20e3188"
      url: "https://pub.dev"
    source: hosted
    version: "2.4.0"
  web:
    dependency: transitive
    description:
      name: web
      sha256: "868d88a33d8a87b18ffc05f9f030ba328ffefba92d6c127917a2ba740f9cfe4a"
      url: "https://pub.dev"
    source: hosted
    version: "1.1.1"
  yaml:
    dependency: transitive
    description:
      name: yaml
      sha256: f67cdd8e07d3c6329146aaef1ba043542b3134c12489f553ca9a7435d1068aea
      url: "https://pub.dev"
    source: hosted
    version: "3.1.4"
sdks:
  dart: ">=3.13.4 <4.0.0"
  flutter: ">=3.44.0"
